
Microsoft Visual Studio Solution File, Format Version 12.00
# Visual Studio Version 17
VisualStudioVersion = 17.10.35004.147
MinimumVisualStudioVersion = 10.0.40219.1
Project("{FAE04EC0-301F-11D3-BF4B-00C04F79EFBC}") = "B05ASPC02_w01", "B05ASPC02_w01\B05ASPC02_w01.csproj", "{B2DDC10B-00DC-4167-9D4A-2BFFD814DEB1}"
EndProject
Global
	GlobalSection(SolutionConfigurationPlatforms) = preSolution
		Debug|Any CPU = Debug|Any CPU
		Release|Any CPU = Release|Any CPU
	EndGlobalSection
	GlobalSection(ProjectConfigurationPlatforms) = postSolution
		{B2DDC10B-00DC-4167-9D4A-2BFFD814DEB1}.Debug|Any CPU.ActiveCfg = Debug|Any CPU
		{B2DDC10B-00DC-4167-9D4A-2BFFD814DEB1}.Debug|Any CPU.Build.0 = Debug|Any CPU
		{B2DDC10B-00DC-4167-9D4A-2BFFD814DEB1}.Release|Any CPU.ActiveCfg = Release|Any CPU
		{B2DDC10B-00DC-4167-9D4A-2BFFD814DEB1}.Release|Any CPU.Build.0 = Release|Any CPU
	EndGlobalSection
	GlobalSection(SolutionProperties) = preSolution
		HideSolutionNode = FALSE
	EndGlobalSection
	GlobalSection(ExtensibilityGlobals) = postSolution
		SolutionGuid = {A4F4FE21-AF9D-43DA-9482-D94786302B4F}
	EndGlobalSection
EndGlobal
